
Microsoft Visual Studio Solution File, Format Version 12.00
# Visual Studio Version 17
VisualStudioVersion = 17.8.34511.84
MinimumVisualStudioVersion = 10.0.40219.1
Project("{FAE04EC0-301F-11D3-BF4B-00C04F79EFBC}") = "GenericAnimalClass", "GenericAnimalClass.csproj", "{7E16C278-37AA-4A95-B56F-FF79205316AA}"
EndProject
Global
	GlobalSection(SolutionConfigurationPlatforms) = preSolution
		Debug|Any CPU = Debug|Any CPU
		Release|Any CPU = Release|Any CPU
	EndGlobalSection
	GlobalSection(ProjectConfigurationPlatforms) = postSolution
		{7E16C278-37AA-4A95-B56F-FF79205316AA}.Debug|Any CPU.ActiveCfg = Debug|Any CPU
		{7E16C278-37AA-4A95-B56F-FF79205316AA}.Debug|Any CPU.Build.0 = Debug|Any CPU
		{7E16C278-37AA-4A95-B56F-FF79205316AA}.Release|Any CPU.ActiveCfg = Release|Any CPU
		{7E16C278-37AA-4A95-B56F-FF79205316AA}.Release|Any CPU.Build.0 = Release|Any CPU
	EndGlobalSection
	GlobalSection(SolutionProperties) = preSolution
		HideSolutionNode = FALSE
	EndGlobalSection
	GlobalSection(ExtensibilityGlobals) = postSolution
		SolutionGuid = {30EC438E-D093-41FB-94F6-5D77EFD369B9}
	EndGlobalSection
EndGlobal
